
Microsoft Visual Studio Solution File, Format Version 12.00
# Visual Studio 15
VisualStudioVersion = 15.0.27703.2026
MinimumVisualStudioVersion = 10.0.40219.1
Project("{8BC9CEB8-8B4A-11D0-8D11-00A0C91BC942}") = "to-the-moon", "to-the-moon\to-the-moon.vcxproj", "{20422ECB-4F8A-485C-9AEC-F5AE740040B6}"
EndProject
Project("{2150E333-8FDC-42A3-9474-1A3956D46DE8}") = "Solution Items", "Solution Items", "{6BF09CC7-F623-4C51-9166-EA4D19D71BD1}"
	ProjectSection(SolutionItems) = preProject
		.gitignore = .gitignore
	EndProjectSection
EndProject
Global
	GlobalSection(SolutionConfigurationPlatforms) = preSolution
		Debug|x64 = Debug|x64
		Debug|x86 = Debug|x86
		Release|x64 = Release|x64
		Release|x86 = Release|x86
	EndGlobalSection
	GlobalSection(ProjectConfigurationPlatforms) = postSolution
		{20422ECB-4F8A-485C-9AEC-F5AE740040B6}.Debug|x64.ActiveCfg = Debug|x64
		{20422ECB-4F8A-485C-9AEC-F5AE740040B6}.Debug|x64.Build.0 = Debug|x64
		{20422ECB-4F8A-485C-9AEC-F5AE740040B6}.Debug|x86.ActiveCfg = Debug|Win32
		{20422ECB-4F8A-485C-9AEC-F5AE740040B6}.Debug|x86.Build.0 = Debug|Win32
		{20422ECB-4F8A-485C-9AEC-F5AE740040B6}.Release|x64.ActiveCfg = Release|x64
		{20422ECB-4F8A-485C-9AEC-F5AE740040B6}.Release|x64.Build.0 = Release|x64
		{20422ECB-4F8A-485C-9AEC-F5AE740040B6}.Release|x86.ActiveCfg = Release|Win32
		{20422ECB-4F8A-485C-9AEC-F5AE740040B6}.Release|x86.Build.0 = Release|Win32
	EndGlobalSection
	GlobalSection(SolutionProperties) = preSolution
		HideSolutionNode = FALSE
	EndGlobalSection
	GlobalSection(ExtensibilityGlobals) = postSolution
		SolutionGuid = {0125DCD7-EA34-47AC-8530-560EB3311515}
	EndGlobalSection
EndGlobal
